<?xml version="1.0" encoding="UTF-8"?>
<CodeBlocks_project_file>
	<FileVersion major="1" minor="6"/>
	<Project>
		<Option title="untitled5"/>
		<Option makefile_is_custom="1"/>
		<Option compiler="gcc"/>
		<Option virtualFolders="CMake Files\;"/>
		<Build>
			<Target title="all">
				<Option working_dir="/Users/yangzij/CLionProjects/untitled5"/>
				<Option type="4"/>
				<MakeCommands>
					<Build command="/usr/bin/make -f &quot;/Users/yangzij/CLionProjects/untitled5/Makefile&quot;  VERBOSE=1 all"/>
					<CompileFile command="/usr/bin/make -f &quot;/Users/yangzij/CLionProjects/untitled5/Makefile&quot;  VERBOSE=1 &quot;$file&quot;"/>
					<Clean command="/usr/bin/make -f &quot;/Users/yangzij/CLionProjects/untitled5/Makefile&quot;  VERBOSE=1 clean"/>
					<DistClean command="/usr/bin/make -f &quot;/Users/yangzij/CLionProjects/untitled5/Makefile&quot;  VERBOSE=1 clean"/>
				</MakeCommands>
			</Target>
			<Target title="rebuild_cache">
				<Option working_dir="/Users/yangzij/CLionProjects/untitled5"/>
				<Option type="4"/>
				<MakeCommands>
					<Build command="/usr/bin/make -f &quot;/Users/yangzij/CLionProjects/untitled5/Makefile&quot;  VERBOSE=1 rebuild_cache"/>
					<CompileFile command="/usr/bin/make -f &quot;/Users/yangzij/CLionProjects/untitled5/Makefile&quot;  VERBOSE=1 &quot;$file&quot;"/>
					<Clean command="/usr/bin/make -f &quot;/Users/yangzij/CLionProjects/untitled5/Makefile&quot;  VERBOSE=1 clean"/>
					<DistClean command="/usr/bin/make -f &quot;/Users/yangzij/CLionProjects/untitled5/Makefile&quot;  VERBOSE=1 clean"/>
				</MakeCommands>
			</Target>
			<Target title="edit_cache">
				<Option working_dir="/Users/yangzij/CLionProjects/untitled5"/>
				<Option type="4"/>
				<MakeCommands>
					<Build command="/usr/bin/make -f &quot;/Users/yangzij/CLionProjects/untitled5/Makefile&quot;  VERBOSE=1 edit_cache"/>
					<CompileFile command="/usr/bin/make -f &quot;/Users/yangzij/CLionProjects/untitled5/Makefile&quot;  VERBOSE=1 &quot;$file&quot;"/>
					<Clean command="/usr/bin/make -f &quot;/Users/yangzij/CLionProjects/untitled5/Makefile&quot;  VERBOSE=1 clean"/>
					<DistClean command="/usr/bin/make -f &quot;/Users/yangzij/CLionProjects/untitled5/Makefile&quot;  VERBOSE=1 clean"/>
				</MakeCommands>
			</Target>
			<Target title="untitled5">
				<Option output="/Users/yangzij/CLionProjects/untitled5/untitled5" prefix_auto="0" extension_auto="0"/>
				<Option working_dir="/Users/yangzij/CLionProjects/untitled5"/>
				<Option object_output="./"/>
				<Option type="1"/>
				<Option compiler="gcc"/>
				<Compiler>
					<Add directory="/Users/yangzij/Source/nginx-1.12.0/src/core"/>
					<Add directory="/Users/yangzij/Source/nginx-1.12.0/src/os/unix"/>
					<Add directory="/Users/yangzij/Source/nginx-1.12.0/objs"/>
				</Compiler>
				<MakeCommands>
					<Build command="/usr/bin/make -f &quot;/Users/yangzij/CLionProjects/untitled5/Makefile&quot;  VERBOSE=1 untitled5"/>
					<CompileFile command="/usr/bin/make -f &quot;/Users/yangzij/CLionProjects/untitled5/Makefile&quot;  VERBOSE=1 &quot;$file&quot;"/>
					<Clean command="/usr/bin/make -f &quot;/Users/yangzij/CLionProjects/untitled5/Makefile&quot;  VERBOSE=1 clean"/>
					<DistClean command="/usr/bin/make -f &quot;/Users/yangzij/CLionProjects/untitled5/Makefile&quot;  VERBOSE=1 clean"/>
				</MakeCommands>
			</Target>
			<Target title="untitled5/fast">
				<Option output="/Users/yangzij/CLionProjects/untitled5/untitled5" prefix_auto="0" extension_auto="0"/>
				<Option working_dir="/Users/yangzij/CLionProjects/untitled5"/>
				<Option object_output="./"/>
				<Option type="1"/>
				<Option compiler="gcc"/>
				<Compiler>
					<Add directory="/Users/yangzij/Source/nginx-1.12.0/src/core"/>
					<Add directory="/Users/yangzij/Source/nginx-1.12.0/src/os/unix"/>
					<Add directory="/Users/yangzij/Source/nginx-1.12.0/objs"/>
				</Compiler>
				<MakeCommands>
					<Build command="/usr/bin/make -f &quot;/Users/yangzij/CLionProjects/untitled5/Makefile&quot;  VERBOSE=1 untitled5/fast"/>
					<CompileFile command="/usr/bin/make -f &quot;/Users/yangzij/CLionProjects/untitled5/Makefile&quot;  VERBOSE=1 &quot;$file&quot;"/>
					<Clean command="/usr/bin/make -f &quot;/Users/yangzij/CLionProjects/untitled5/Makefile&quot;  VERBOSE=1 clean"/>
					<DistClean command="/usr/bin/make -f &quot;/Users/yangzij/CLionProjects/untitled5/Makefile&quot;  VERBOSE=1 clean"/>
				</MakeCommands>
			</Target>
		</Build>
		<Unit filename="/Users/yangzij/CLionProjects/untitled5/Alloctor.cpp">
			<Option target="untitled5"/>
		</Unit>
		<Unit filename="/Users/yangzij/CLionProjects/untitled5/Alloctor.h">
			<Option target="untitled5"/>
		</Unit>
		<Unit filename="/Users/yangzij/CLionProjects/untitled5/Cleaup.cpp">
			<Option target="untitled5"/>
		</Unit>
		<Unit filename="/Users/yangzij/CLionProjects/untitled5/Cleaup.h">
			<Option target="untitled5"/>
		</Unit>
		<Unit filename="/Users/yangzij/CLionProjects/untitled5/Config.h">
			<Option target="untitled5"/>
		</Unit>
		<Unit filename="/Users/yangzij/CLionProjects/untitled5/Exception.cpp">
			<Option target="untitled5"/>
		</Unit>
		<Unit filename="/Users/yangzij/CLionProjects/untitled5/Exception.h">
			<Option target="untitled5"/>
		</Unit>
		<Unit filename="/Users/yangzij/CLionProjects/untitled5/Pool.cpp">
			<Option target="untitled5"/>
		</Unit>
		<Unit filename="/Users/yangzij/CLionProjects/untitled5/Pool.h">
			<Option target="untitled5"/>
		</Unit>
		<Unit filename="/Users/yangzij/CLionProjects/untitled5/UnsetValue.cpp">
			<Option target="untitled5"/>
		</Unit>
		<Unit filename="/Users/yangzij/CLionProjects/untitled5/UnsetValue.h">
			<Option target="untitled5"/>
		</Unit>
		<Unit filename="/Users/yangzij/CLionProjects/untitled5/Value.cpp">
			<Option target="untitled5"/>
		</Unit>
		<Unit filename="/Users/yangzij/CLionProjects/untitled5/Value.h">
			<Option target="untitled5"/>
		</Unit>
		<Unit filename="/Users/yangzij/CLionProjects/untitled5/Wrapper.cpp">
			<Option target="untitled5"/>
		</Unit>
		<Unit filename="/Users/yangzij/CLionProjects/untitled5/Wrapper.h">
			<Option target="untitled5"/>
		</Unit>
		<Unit filename="/Users/yangzij/CLionProjects/untitled5/main.cpp">
			<Option target="untitled5"/>
		</Unit>
		<Unit filename="/Users/yangzij/CLionProjects/untitled5/CMakeLists.txt">
			<Option virtualFolder="CMake Files\"/>
		</Unit>
	</Project>
</CodeBlocks_project_file>
